
Microsoft Visual Studio Solution File, Format Version 12.00
Project("{FAE04EC0-301F-11D3-BF4B-00C04F79EFBC}") = "CSharpShenanigans", "CSharpShenanigans\CSharpShenanigans.csproj", "{EB1E261B-24B2-4143-884C-B922F31470D8}"
EndProject
Global
	GlobalSection(SolutionConfigurationPlatforms) = preSolution
		Debug|Any CPU = Debug|Any CPU
		Release|Any CPU = Release|Any CPU
	EndGlobalSection
	GlobalSection(ProjectConfigurationPlatforms) = postSolution
		{EB1E261B-24B2-4143-884C-B922F31470D8}.Debug|Any CPU.ActiveCfg = Debug|Any CPU
		{EB1E261B-24B2-4143-884C-B922F31470D8}.Debug|Any CPU.Build.0 = Debug|Any CPU
		{EB1E261B-24B2-4143-884C-B922F31470D8}.Release|Any CPU.ActiveCfg = Release|Any CPU
		{EB1E261B-24B2-4143-884C-B922F31470D8}.Release|Any CPU.Build.0 = Release|Any CPU
	EndGlobalSection
EndGlobal
